
Microsoft Visual Studio Solution File, Format Version 12.00
# Visual Studio 2012
Project("{FAE04EC0-301F-11D3-BF4B-00C04F79EFBC}") = "LDAP2CSV", "LDAP2CSV\LDAP2CSV.csproj", "{B0734A4E-A6D4-402E-BE2A-AAD4246A5E88}"
EndProject
Project("{FAE04EC0-301F-11D3-BF4B-00C04F79EFBC}") = "LDAPUtils", "externals\LDAPUtils\LDAPUtils.csproj", "{C6FF8000-00D8-4CF4-BE9D-128945784905}"
EndProject
Global
	GlobalSection(SolutionConfigurationPlatforms) = preSolution
		Debug|Any CPU = Debug|Any CPU
		Release|Any CPU = Release|Any CPU
	EndGlobalSection
	GlobalSection(ProjectConfigurationPlatforms) = postSolution
		{B0734A4E-A6D4-402E-BE2A-AAD4246A5E88}.Debug|Any CPU.ActiveCfg = Debug|Any CPU
		{B0734A4E-A6D4-402E-BE2A-AAD4246A5E88}.Debug|Any CPU.Build.0 = Debug|Any CPU
		{B0734A4E-A6D4-402E-BE2A-AAD4246A5E88}.Release|Any CPU.ActiveCfg = Release|Any CPU
		{B0734A4E-A6D4-402E-BE2A-AAD4246A5E88}.Release|Any CPU.Build.0 = Release|Any CPU
		{C6FF8000-00D8-4CF4-BE9D-128945784905}.Debug|Any CPU.ActiveCfg = Debug|Any CPU
		{C6FF8000-00D8-4CF4-BE9D-128945784905}.Debug|Any CPU.Build.0 = Debug|Any CPU
		{C6FF8000-00D8-4CF4-BE9D-128945784905}.Release|Any CPU.ActiveCfg = Release|Any CPU
		{C6FF8000-00D8-4CF4-BE9D-128945784905}.Release|Any CPU.Build.0 = Release|Any CPU
	EndGlobalSection
	GlobalSection(SolutionProperties) = preSolution
		HideSolutionNode = FALSE
	EndGlobalSection
EndGlobal
